
Microsoft Visual Studio Solution File, Format Version 12.00
# Visual Studio Version 16
VisualStudioVersion = 16.0.30621.155
MinimumVisualStudioVersion = 10.0.40219.1
Project("{FAE04EC0-301F-11D3-BF4B-00C04F79EFBC}") = "rocketcontent.ImgSliderInd", "rocketcontent.ImgSliderInd.csproj", "{77E990E5-69CA-4113-9EC7-B028481F7DAB}"
EndProject
Global
	GlobalSection(SolutionConfigurationPlatforms) = preSolution
		Debug|Any CPU = Debug|Any CPU
		Release|Any CPU = Release|Any CPU
	EndGlobalSection
	GlobalSection(ProjectConfigurationPlatforms) = postSolution
		{77E990E5-69CA-4113-9EC7-B028481F7DAB}.Debug|Any CPU.ActiveCfg = Debug|Any CPU
		{77E990E5-69CA-4113-9EC7-B028481F7DAB}.Debug|Any CPU.Build.0 = Debug|Any CPU
		{77E990E5-69CA-4113-9EC7-B028481F7DAB}.Release|Any CPU.ActiveCfg = Release|Any CPU
		{77E990E5-69CA-4113-9EC7-B028481F7DAB}.Release|Any CPU.Build.0 = Release|Any CPU
	EndGlobalSection
	GlobalSection(SolutionProperties) = preSolution
		HideSolutionNode = FALSE
	EndGlobalSection
	GlobalSection(ExtensibilityGlobals) = postSolution
		SolutionGuid = {45DF326D-E3A1-4393-938D-EB84C9FB3B20}
	EndGlobalSection
EndGlobal
